
Microsoft Visual Studio Solution File, Format Version 12.00
# Visual Studio Version 17
VisualStudioVersion = 17.4.33110.190
MinimumVisualStudioVersion = 10.0.40219.1
Project("{9A19103F-16F7-4668-BE54-9A1E7A4F7556}") = "ApiAirsoft", "ApiAirsoft.csproj", "{9346963A-398D-42C9-8D1B-7A8A3746CA21}"
EndProject
Project("{FAE04EC0-301F-11D3-BF4B-00C04F79EFBC}") = "Front", "..\Front\Front.csproj", "{8640CDE8-6924-49D1-AB15-C836FB5B27BB}"
EndProject
Project("{FAE04EC0-301F-11D3-BF4B-00C04F79EFBC}") = "Front.Library", "..\Front.Library\Front.Library.csproj", "{7887CE40-E157-44DD-8EC1-1626C61AD6C1}"
EndProject
Global
	GlobalSection(SolutionConfigurationPlatforms) = preSolution
		Debug|Any CPU = Debug|Any CPU
		Release|Any CPU = Release|Any CPU
	EndGlobalSection
	GlobalSection(ProjectConfigurationPlatforms) = postSolution
		{9346963A-398D-42C9-8D1B-7A8A3746CA21}.Debug|Any CPU.ActiveCfg = Debug|Any CPU
		{9346963A-398D-42C9-8D1B-7A8A3746CA21}.Debug|Any CPU.Build.0 = Debug|Any CPU
		{9346963A-398D-42C9-8D1B-7A8A3746CA21}.Release|Any CPU.ActiveCfg = Release|Any CPU
		{9346963A-398D-42C9-8D1B-7A8A3746CA21}.Release|Any CPU.Build.0 = Release|Any CPU
		{8640CDE8-6924-49D1-AB15-C836FB5B27BB}.Debug|Any CPU.ActiveCfg = Debug|Any CPU
		{8640CDE8-6924-49D1-AB15-C836FB5B27BB}.Debug|Any CPU.Build.0 = Debug|Any CPU
		{8640CDE8-6924-49D1-AB15-C836FB5B27BB}.Release|Any CPU.ActiveCfg = Release|Any CPU
		{8640CDE8-6924-49D1-AB15-C836FB5B27BB}.Release|Any CPU.Build.0 = Release|Any CPU
		{7887CE40-E157-44DD-8EC1-1626C61AD6C1}.Debug|Any CPU.ActiveCfg = Debug|Any CPU
		{7887CE40-E157-44DD-8EC1-1626C61AD6C1}.Debug|Any CPU.Build.0 = Debug|Any CPU
		{7887CE40-E157-44DD-8EC1-1626C61AD6C1}.Release|Any CPU.ActiveCfg = Release|Any CPU
		{7887CE40-E157-44DD-8EC1-1626C61AD6C1}.Release|Any CPU.Build.0 = Release|Any CPU
	EndGlobalSection
	GlobalSection(SolutionProperties) = preSolution
		HideSolutionNode = FALSE
	EndGlobalSection
	GlobalSection(ExtensibilityGlobals) = postSolution
		SolutionGuid = {BEE057F6-ACC9-4780-B124-388C39E8D510}
	EndGlobalSection
EndGlobal
